
Microsoft Visual Studio Solution File, Format Version 12.00
# Visual Studio Version 16
VisualStudioVersion = 16.0.30011.22
MinimumVisualStudioVersion = 10.0.40219.1
Project("{FAE04EC0-301F-11D3-BF4B-00C04F79EFBC}") = "laba_6s", "laba_6s.csproj", "{706B17C6-EC67-4AF6-B575-61BCE41ED97E}"
EndProject
Global
	GlobalSection(SolutionConfigurationPlatforms) = preSolution
		Debug|Any CPU = Debug|Any CPU
		Release|Any CPU = Release|Any CPU
	EndGlobalSection
	GlobalSection(ProjectConfigurationPlatforms) = postSolution
		{706B17C6-EC67-4AF6-B575-61BCE41ED97E}.Debug|Any CPU.ActiveCfg = Debug|Any CPU
		{706B17C6-EC67-4AF6-B575-61BCE41ED97E}.Debug|Any CPU.Build.0 = Debug|Any CPU
		{706B17C6-EC67-4AF6-B575-61BCE41ED97E}.Release|Any CPU.ActiveCfg = Release|Any CPU
		{706B17C6-EC67-4AF6-B575-61BCE41ED97E}.Release|Any CPU.Build.0 = Release|Any CPU
	EndGlobalSection
	GlobalSection(SolutionProperties) = preSolution
		HideSolutionNode = FALSE
	EndGlobalSection
	GlobalSection(ExtensibilityGlobals) = postSolution
		SolutionGuid = {C1D8369C-662C-4211-8FD3-4886FE402489}
	EndGlobalSection
EndGlobal
