
Microsoft Visual Studio Solution File, Format Version 12.00
# Visual Studio Version 16
VisualStudioVersion = 16.0.30011.22
MinimumVisualStudioVersion = 10.0.40219.1
Project("{FAE04EC0-301F-11D3-BF4B-00C04F79EFBC}") = "laba_7_s", "laba_7_s.csproj", "{B44E7982-A4A4-4639-ADBC-DBF24154006E}"
EndProject
Global
	GlobalSection(SolutionConfigurationPlatforms) = preSolution
		Debug|Any CPU = Debug|Any CPU
		Release|Any CPU = Release|Any CPU
	EndGlobalSection
	GlobalSection(ProjectConfigurationPlatforms) = postSolution
		{B44E7982-A4A4-4639-ADBC-DBF24154006E}.Debug|Any CPU.ActiveCfg = Debug|Any CPU
		{B44E7982-A4A4-4639-ADBC-DBF24154006E}.Debug|Any CPU.Build.0 = Debug|Any CPU
		{B44E7982-A4A4-4639-ADBC-DBF24154006E}.Release|Any CPU.ActiveCfg = Release|Any CPU
		{B44E7982-A4A4-4639-ADBC-DBF24154006E}.Release|Any CPU.Build.0 = Release|Any CPU
	EndGlobalSection
	GlobalSection(SolutionProperties) = preSolution
		HideSolutionNode = FALSE
	EndGlobalSection
	GlobalSection(ExtensibilityGlobals) = postSolution
		SolutionGuid = {EA02560C-A3E2-4DDB-A02D-F219B0F08466}
	EndGlobalSection
EndGlobal
